
Microsoft Visual Studio Solution File, Format Version 12.00
# Visual Studio 15
VisualStudioVersion = 15.0.26823.1
MinimumVisualStudioVersion = 10.0.40219.1
Project("{FAE04EC0-301F-11D3-BF4B-00C04F79EFBC}") = "Counter.Android", "Counter\Counter.Android\Counter.Android.csproj", "{36C53FD4-22CC-4F03-B715-C81EDEE1BB4D}"
EndProject
Project("{FAE04EC0-301F-11D3-BF4B-00C04F79EFBC}") = "Counter", "Counter\Counter\Counter.csproj", "{57093EED-01EE-448E-B980-58CD10B341A2}"
EndProject
Project("{FAE04EC0-301F-11D3-BF4B-00C04F79EFBC}") = "Counter.UWP", "Counter\Counter.UWP\Counter.UWP.csproj", "{ED544614-98B8-4B91-A33A-1D5685001599}"
EndProject
Project("{FAE04EC0-301F-11D3-BF4B-00C04F79EFBC}") = "Counter.iOS", "Counter\Counter.iOS\Counter.iOS.csproj", "{4B89A340-9AD3-4DE4-983A-36CBE5774BAB}"
EndProject
Global
	GlobalSection(SolutionConfigurationPlatforms) = preSolution
		Ad-Hoc|Any CPU = Ad-Hoc|Any CPU
		Ad-Hoc|ARM = Ad-Hoc|ARM
		Ad-Hoc|iPhone = Ad-Hoc|iPhone
		Ad-Hoc|iPhoneSimulator = Ad-Hoc|iPhoneSimulator
		Ad-Hoc|x64 = Ad-Hoc|x64
		Ad-Hoc|x86 = Ad-Hoc|x86
		AppStore|Any CPU = AppStore|Any CPU
		AppStore|ARM = AppStore|ARM
		AppStore|iPhone = AppStore|iPhone
		AppStore|iPhoneSimulator = AppStore|iPhoneSimulator
		AppStore|x64 = AppStore|x64
		AppStore|x86 = AppStore|x86
		Debug|Any CPU = Debug|Any CPU
		Debug|ARM = Debug|ARM
		Debug|iPhone = Debug|iPhone
		Debug|iPhoneSimulator = Debug|iPhoneSimulator
		Debug|x64 = Debug|x64
		Debug|x86 = Debug|x86
		Release|Any CPU = Release|Any CPU
		Release|ARM = Release|ARM
		Release|iPhone = Release|iPhone
		Release|iPhoneSimulator = Release|iPhoneSimulator
		Release|x64 = Release|x64
		Release|x86 = Release|x86
	EndGlobalSection
	GlobalSection(ProjectConfigurationPlatforms) = postSolution
		{36C53FD4-22CC-4F03-B715-C81EDEE1BB4D}.Ad-Hoc|Any CPU.ActiveCfg = Release|Any CPU
		{36C53FD4-22CC-4F03-B715-C81EDEE1BB4D}.Ad-Hoc|Any CPU.Build.0 = Release|Any CPU
		{36C53FD4-22CC-4F03-B715-C81EDEE1BB4D}.Ad-Hoc|Any CPU.Deploy.0 = Release|Any CPU
		{36C53FD4-22CC-4F03-B715-C81EDEE1BB4D}.Ad-Hoc|ARM.ActiveCfg = Release|Any CPU
		{36C53FD4-22CC-4F03-B715-C81EDEE1BB4D}.Ad-Hoc|ARM.Build.0 = Release|Any CPU
		{36C53FD4-22CC-4F03-B715-C81EDEE1BB4D}.Ad-Hoc|ARM.Deploy.0 = Release|Any CPU
		{36C53FD4-22CC-4F03-B715-C81EDEE1BB4D}.Ad-Hoc|iPhone.ActiveCfg = Release|Any CPU
		{36C53FD4-22CC-4F03-B715-C81EDEE1BB4D}.Ad-Hoc|iPhone.Build.0 = Release|Any CPU
		{36C53FD4-22CC-4F03-B715-C81EDEE1BB4D}.Ad-Hoc|iPhone.Deploy.0 = Release|Any CPU
		{36C53FD4-22CC-4F03-B715-C81EDEE1BB4D}.Ad-Hoc|iPhoneSimulator.ActiveCfg = Release|Any CPU
		{36C53FD4-22CC-4F03-B715-C81EDEE1BB4D}.Ad-Hoc|iPhoneSimulator.Build.0 = Release|Any CPU
		{36C53FD4-22CC-4F03-B715-C81EDEE1BB4D}.Ad-Hoc|iPhoneSimulator.Deploy.0 = Release|Any CPU
		{36C53FD4-22CC-4F03-B715-C81EDEE1BB4D}.Ad-Hoc|x64.ActiveCfg = Release|Any CPU
		{36C53FD4-22CC-4F03-B715-C81EDEE1BB4D}.Ad-Hoc|x64.Build.0 = Release|Any CPU
		{36C53FD4-22CC-4F03-B715-C81EDEE1BB4D}.Ad-Hoc|x64.Deploy.0 = Release|Any CPU
		{36C53FD4-22CC-4F03-B715-C81EDEE1BB4D}.Ad-Hoc|x86.ActiveCfg = Release|Any CPU
		{36C53FD4-22CC-4F03-B715-C81EDEE1BB4D}.Ad-Hoc|x86.Build.0 = Release|Any CPU
		{36C53FD4-22CC-4F03-B715-C81EDEE1BB4D}.Ad-Hoc|x86.Deploy.0 = Release|Any CPU
		{36C53FD4-22CC-4F03-B715-C81EDEE1BB4D}.AppStore|Any CPU.ActiveCfg = Release|Any CPU
		{36C53FD4-22CC-4F03-B715-C81EDEE1BB4D}.AppStore|Any CPU.Build.0 = Release|Any CPU
		{36C53FD4-22CC-4F03-B715-C81EDEE1BB4D}.AppStore|Any CPU.Deploy.0 = Release|Any CPU
		{36C53FD4-22CC-4F03-B715-C81EDEE1BB4D}.AppStore|ARM.ActiveCfg = Release|Any CPU
		{36C53FD4-22CC-4F03-B715-C81EDEE1BB4D}.AppStore|ARM.Build.0 = Release|Any CPU
		{36C53FD4-22CC-4F03-B715-C81EDEE1BB4D}.AppStore|ARM.Deploy.0 = Release|Any CPU
		{36C53FD4-22CC-4F03-B715-C81EDEE1BB4D}.AppStore|iPhone.ActiveCfg = Release|Any CPU
		{36C53FD4-22CC-4F03-B715-C81EDEE1BB4D}.AppStore|iPhone.Build.0 = Release|Any CPU
		{36C53FD4-22CC-4F03-B715-C81EDEE1BB4D}.AppStore|iPhone.Deploy.0 = Release|Any CPU
		{36C53FD4-22CC-4F03-B715-C81EDEE1BB4D}.AppStore|iPhoneSimulator.ActiveCfg = Release|Any CPU
		{36C53FD4-22CC-4F03-B715-C81EDEE1BB4D}.AppStore|iPhoneSimulator.Build.0 = Release|Any CPU
		{36C53FD4-22CC-4F03-B715-C81EDEE1BB4D}.AppStore|iPhoneSimulator.Deploy.0 = Release|Any CPU
		{36C53FD4-22CC-4F03-B715-C81EDEE1BB4D}.AppStore|x64.ActiveCfg = Release|Any CPU
		{36C53FD4-22CC-4F03-B715-C81EDEE1BB4D}.AppStore|x64.Build.0 = Release|Any CPU
		{36C53FD4-22CC-4F03-B715-C81EDEE1BB4D}.AppStore|x64.Deploy.0 = Release|Any CPU
		{36C53FD4-22CC-4F03-B715-C81EDEE1BB4D}.AppStore|x86.ActiveCfg = Release|Any CPU
		{36C53FD4-22CC-4F03-B715-C81EDEE1BB4D}.AppStore|x86.Build.0 = Release|Any CPU
		{36C53FD4-22CC-4F03-B715-C81EDEE1BB4D}.AppStore|x86.Deploy.0 = Release|Any CPU
		{36C53FD4-22CC-4F03-B715-C81EDEE1BB4D}.Debug|Any CPU.ActiveCfg = Debug|Any CPU
		{36C53FD4-22CC-4F03-B715-C81EDEE1BB4D}.Debug|Any CPU.Build.0 = Debug|Any CPU
		{36C53FD4-22CC-4F03-B715-C81EDEE1BB4D}.Debug|Any CPU.Deploy.0 = Debug|Any CPU
		{36C53FD4-22CC-4F03-B715-C81EDEE1BB4D}.Debug|ARM.ActiveCfg = Debug|Any CPU
		{36C53FD4-22CC-4F03-B715-C81EDEE1BB4D}.Debug|ARM.Build.0 = Debug|Any CPU
		{36C53FD4-22CC-4F03-B715-C81EDEE1BB4D}.Debug|ARM.Deploy.0 = Debug|Any CPU
		{36C53FD4-22CC-4F03-B715-C81EDEE1BB4D}.Debug|iPhone.ActiveCfg = Debug|Any CPU
		{36C53FD4-22CC-4F03-B715-C81EDEE1BB4D}.Debug|iPhone.Build.0 = Debug|Any CPU
		{36C53FD4-22CC-4F03-B715-C81EDEE1BB4D}.Debug|iPhone.Deploy.0 = Debug|Any CPU
		{36C53FD4-22CC-4F03-B715-C81EDEE1BB4D}.Debug|iPhoneSimulator.ActiveCfg = Debug|Any CPU
		{36C53FD4-22CC-4F03-B715-C81EDEE1BB4D}.Debug|iPhoneSimulator.Build.0 = Debug|Any CPU
		{36C53FD4-22CC-4F03-B715-C81EDEE1BB4D}.Debug|iPhoneSimulator.Deploy.0 = Debug|Any CPU
		{36C53FD4-22CC-4F03-B715-C81EDEE1BB4D}.Debug|x64.ActiveCfg = Debug|Any CPU
		{36C53FD4-22CC-4F03-B715-C81EDEE1BB4D}.Debug|x64.Build.0 = Debug|Any CPU
		{36C53FD4-22CC-4F03-B715-C81EDEE1BB4D}.Debug|x64.Deploy.0 = Debug|Any CPU
		{36C53FD4-22CC-4F03-B715-C81EDEE1BB4D}.Debug|x86.ActiveCfg = Debug|Any CPU
		{36C53FD4-22CC-4F03-B715-C81EDEE1BB4D}.Debug|x86.Build.0 = Debug|Any CPU
		{36C53FD4-22CC-4F03-B715-C81EDEE1BB4D}.Debug|x86.Deploy.0 = Debug|Any CPU
		{36C53FD4-22CC-4F03-B715-C81EDEE1BB4D}.Release|Any CPU.ActiveCfg = Release|Any CPU
		{36C53FD4-22CC-4F03-B715-C81EDEE1BB4D}.Release|Any CPU.Build.0 = Release|Any CPU
		{36C53FD4-22CC-4F03-B715-C81EDEE1BB4D}.Release|Any CPU.Deploy.0 = Release|Any CPU
		{36C53FD4-22CC-4F03-B715-C81EDEE1BB4D}.Release|ARM.ActiveCfg = Release|Any CPU
		{36C53FD4-22CC-4F03-B715-C81EDEE1BB4D}.Release|ARM.Build.0 = Release|Any CPU
		{36C53FD4-22CC-4F03-B715-C81EDEE1BB4D}.Release|ARM.Deploy.0 = Release|Any CPU
		{36C53FD4-22CC-4F03-B715-C81EDEE1BB4D}.Release|iPhone.ActiveCfg = Release|Any CPU
		{36C53FD4-22CC-4F03-B715-C81EDEE1BB4D}.Release|iPhone.Build.0 = Release|Any CPU
		{36C53FD4-22CC-4F03-B715-C81EDEE1BB4D}.Release|iPhone.Deploy.0 = Release|Any CPU
		{36C53FD4-22CC-4F03-B715-C81EDEE1BB4D}.Release|iPhoneSimulator.ActiveCfg = Release|Any CPU
		{36C53FD4-22CC-4F03-B715-C81EDEE1BB4D}.Release|iPhoneSimulator.Build.0 = Release|Any CPU
		{36C53FD4-22CC-4F03-B715-C81EDEE1BB4D}.Release|iPhoneSimulator.Deploy.0 = Release|Any CPU
		{36C53FD4-22CC-4F03-B715-C81EDEE1BB4D}.Release|x64.ActiveCfg = Release|Any CPU
		{36C53FD4-22CC-4F03-B715-C81EDEE1BB4D}.Release|x64.Build.0 = Release|Any CPU
		{36C53FD4-22CC-4F03-B715-C81EDEE1BB4D}.Release|x64.Deploy.0 = Release|Any CPU
		{36C53FD4-22CC-4F03-B715-C81EDEE1BB4D}.Release|x86.ActiveCfg = Release|Any CPU
		{36C53FD4-22CC-4F03-B715-C81EDEE1BB4D}.Release|x86.Build.0 = Release|Any CPU
		{36C53FD4-22CC-4F03-B715-C81EDEE1BB4D}.Release|x86.Deploy.0 = Release|Any CPU
		{57093EED-01EE-448E-B980-58CD10B341A2}.Ad-Hoc|Any CPU.ActiveCfg = Release|Any CPU
		{57093EED-01EE-448E-B980-58CD10B341A2}.Ad-Hoc|Any CPU.Build.0 = Release|Any CPU
		{57093EED-01EE-448E-B980-58CD10B341A2}.Ad-Hoc|ARM.ActiveCfg = Release|Any CPU
		{57093EED-01EE-448E-B980-58CD10B341A2}.Ad-Hoc|ARM.Build.0 = Release|Any CPU
		{57093EED-01EE-448E-B980-58CD10B341A2}.Ad-Hoc|iPhone.ActiveCfg = Release|Any CPU
		{57093EED-01EE-448E-B980-58CD10B341A2}.Ad-Hoc|iPhone.Build.0 = Release|Any CPU
		{57093EED-01EE-448E-B980-58CD10B341A2}.Ad-Hoc|iPhoneSimulator.ActiveCfg = Release|Any CPU
		{57093EED-01EE-448E-B980-58CD10B341A2}.Ad-Hoc|iPhoneSimulator.Build.0 = Release|Any CPU
		{57093EED-01EE-448E-B980-58CD10B341A2}.Ad-Hoc|x64.ActiveCfg = Release|Any CPU
		{57093EED-01EE-448E-B980-58CD10B341A2}.Ad-Hoc|x64.Build.0 = Release|Any CPU
		{57093EED-01EE-448E-B980-58CD10B341A2}.Ad-Hoc|x86.ActiveCfg = Release|Any CPU
		{57093EED-01EE-448E-B980-58CD10B341A2}.Ad-Hoc|x86.Build.0 = Release|Any CPU
		{57093EED-01EE-448E-B980-58CD10B341A2}.AppStore|Any CPU.ActiveCfg = Release|Any CPU
		{57093EED-01EE-448E-B980-58CD10B341A2}.AppStore|Any CPU.Build.0 = Release|Any CPU
		{57093EED-01EE-448E-B980-58CD10B341A2}.AppStore|ARM.ActiveCfg = Release|Any CPU
		{57093EED-01EE-448E-B980-58CD10B341A2}.AppStore|ARM.Build.0 = Release|Any CPU
		{57093EED-01EE-448E-B980-58CD10B341A2}.AppStore|iPhone.ActiveCfg = Release|Any CPU
		{57093EED-01EE-448E-B980-58CD10B341A2}.AppStore|iPhone.Build.0 = Release|Any CPU
		{57093EED-01EE-448E-B980-58CD10B341A2}.AppStore|iPhoneSimulator.ActiveCfg = Release|Any CPU
		{57093EED-01EE-448E-B980-58CD10B341A2}.AppStore|iPhoneSimulator.Build.0 = Release|Any CPU
		{57093EED-01EE-448E-B980-58CD10B341A2}.AppStore|x64.ActiveCfg = Release|Any CPU
		{57093EED-01EE-448E-B980-58CD10B341A2}.AppStore|x64.Build.0 = Release|Any CPU
		{57093EED-01EE-448E-B980-58CD10B341A2}.AppStore|x86.ActiveCfg = Release|Any CPU
		{57093EED-01EE-448E-B980-58CD10B341A2}.AppStore|x86.Build.0 = Release|Any CPU
		{57093EED-01EE-448E-B980-58CD10B341A2}.Debug|Any CPU.ActiveCfg = Debug|Any CPU
		{57093EED-01EE-448E-B980-58CD10B341A2}.Debug|Any CPU.Build.0 = Debug|Any CPU
		{57093EED-01EE-448E-B980-58CD10B341A2}.Debug|ARM.ActiveCfg = Debug|Any CPU
		{57093EED-01EE-448E-B980-58CD10B341A2}.Debug|ARM.Build.0 = Debug|Any CPU
		{57093EED-01EE-448E-B980-58CD10B341A2}.Debug|iPhone.ActiveCfg = Debug|Any CPU
		{57093EED-01EE-448E-B980-58CD10B341A2}.Debug|iPhone.Build.0 = Debug|Any CPU
		{57093EED-01EE-448E-B980-58CD10B341A2}.Debug|iPhoneSimulator.ActiveCfg = Debug|Any CPU
		{57093EED-01EE-448E-B980-58CD10B341A2}.Debug|iPhoneSimulator.Build.0 = Debug|Any CPU
		{57093EED-01EE-448E-B980-58CD10B341A2}.Debug|x64.ActiveCfg = Debug|Any CPU
		{57093EED-01EE-448E-B980-58CD10B341A2}.Debug|x64.Build.0 = Debug|Any CPU
		{57093EED-01EE-448E-B980-58CD10B341A2}.Debug|x86.ActiveCfg = Debug|Any CPU
		{57093EED-01EE-448E-B980-58CD10B341A2}.Debug|x86.Build.0 = Debug|Any CPU
		{57093EED-01EE-448E-B980-58CD10B341A2}.Release|Any CPU.ActiveCfg = Release|Any CPU
		{57093EED-01EE-448E-B980-58CD10B341A2}.Release|Any CPU.Build.0 = Release|Any CPU
		{57093EED-01EE-448E-B980-58CD10B341A2}.Release|ARM.ActiveCfg = Release|Any CPU
		{57093EED-01EE-448E-B980-58CD10B341A2}.Release|ARM.Build.0 = Release|Any CPU
		{57093EED-01EE-448E-B980-58CD10B341A2}.Release|iPhone.ActiveCfg = Release|Any CPU
		{57093EED-01EE-448E-B980-58CD10B341A2}.Release|iPhone.Build.0 = Release|Any CPU
		{57093EED-01EE-448E-B980-58CD10B341A2}.Release|iPhoneSimulator.ActiveCfg = Release|Any CPU
		{57093EED-01EE-448E-B980-58CD10B341A2}.Release|iPhoneSimulator.Build.0 = Release|Any CPU
		{57093EED-01EE-448E-B980-58CD10B341A2}.Release|x64.ActiveCfg = Release|Any CPU
		{57093EED-01EE-448E-B980-58CD10B341A2}.Release|x64.Build.0 = Release|Any CPU
		{57093EED-01EE-448E-B980-58CD10B341A2}.Release|x86.ActiveCfg = Release|Any CPU
		{57093EED-01EE-448E-B980-58CD10B341A2}.Release|x86.Build.0 = Release|Any CPU
		{ED544614-98B8-4B91-A33A-1D5685001599}.Ad-Hoc|Any CPU.ActiveCfg = Release|x86
		{ED544614-98B8-4B91-A33A-1D5685001599}.Ad-Hoc|Any CPU.Build.0 = Release|x86
		{ED544614-98B8-4B91-A33A-1D5685001599}.Ad-Hoc|Any CPU.Deploy.0 = Release|x86
		{ED544614-98B8-4B91-A33A-1D5685001599}.Ad-Hoc|ARM.ActiveCfg = Release|ARM
		{ED544614-98B8-4B91-A33A-1D5685001599}.Ad-Hoc|ARM.Build.0 = Release|ARM
		{ED544614-98B8-4B91-A33A-1D5685001599}.Ad-Hoc|ARM.Deploy.0 = Release|ARM
		{ED544614-98B8-4B91-A33A-1D5685001599}.Ad-Hoc|iPhone.ActiveCfg = Release|x86
		{ED544614-98B8-4B91-A33A-1D5685001599}.Ad-Hoc|iPhone.Build.0 = Release|x86
		{ED544614-98B8-4B91-A33A-1D5685001599}.Ad-Hoc|iPhone.Deploy.0 = Release|x86
		{ED544614-98B8-4B91-A33A-1D5685001599}.Ad-Hoc|iPhoneSimulator.ActiveCfg = Release|x86
		{ED544614-98B8-4B91-A33A-1D5685001599}.Ad-Hoc|iPhoneSimulator.Build.0 = Release|x86
		{ED544614-98B8-4B91-A33A-1D5685001599}.Ad-Hoc|iPhoneSimulator.Deploy.0 = Release|x86
		{ED544614-98B8-4B91-A33A-1D5685001599}.Ad-Hoc|x64.ActiveCfg = Release|x64
		{ED544614-98B8-4B91-A33A-1D5685001599}.Ad-Hoc|x64.Build.0 = Release|x64
		{ED544614-98B8-4B91-A33A-1D5685001599}.Ad-Hoc|x64.Deploy.0 = Release|x64
		{ED544614-98B8-4B91-A33A-1D5685001599}.Ad-Hoc|x86.ActiveCfg = Release|x86
		{ED544614-98B8-4B91-A33A-1D5685001599}.Ad-Hoc|x86.Build.0 = Release|x86
		{ED544614-98B8-4B91-A33A-1D5685001599}.Ad-Hoc|x86.Deploy.0 = Release|x86
		{ED544614-98B8-4B91-A33A-1D5685001599}.AppStore|Any CPU.ActiveCfg = Release|x86
		{ED544614-98B8-4B91-A33A-1D5685001599}.AppStore|Any CPU.Build.0 = Release|x86
		{ED544614-98B8-4B91-A33A-1D5685001599}.AppStore|Any CPU.Deploy.0 = Release|x86
		{ED544614-98B8-4B91-A33A-1D5685001599}.AppStore|ARM.ActiveCfg = Release|ARM
		{ED544614-98B8-4B91-A33A-1D5685001599}.AppStore|ARM.Build.0 = Release|ARM
		{ED544614-98B8-4B91-A33A-1D5685001599}.AppStore|ARM.Deploy.0 = Release|ARM
		{ED544614-98B8-4B91-A33A-1D5685001599}.AppStore|iPhone.ActiveCfg = Release|x86
		{ED544614-98B8-4B91-A33A-1D5685001599}.AppStore|iPhone.Build.0 = Release|x86
		{ED544614-98B8-4B91-A33A-1D5685001599}.AppStore|iPhone.Deploy.0 = Release|x86
		{ED544614-98B8-4B91-A33A-1D5685001599}.AppStore|iPhoneSimulator.ActiveCfg = Release|x86
		{ED544614-98B8-4B91-A33A-1D5685001599}.AppStore|iPhoneSimulator.Build.0 = Release|x86
		{ED544614-98B8-4B91-A33A-1D5685001599}.AppStore|iPhoneSimulator.Deploy.0 = Release|x86
		{ED544614-98B8-4B91-A33A-1D5685001599}.AppStore|x64.ActiveCfg = Release|x64
		{ED544614-98B8-4B91-A33A-1D5685001599}.AppStore|x64.Build.0 = Release|x64
		{ED544614-98B8-4B91-A33A-1D5685001599}.AppStore|x64.Deploy.0 = Release|x64
		{ED544614-98B8-4B91-A33A-1D5685001599}.AppStore|x86.ActiveCfg = Release|x86
		{ED544614-98B8-4B91-A33A-1D5685001599}.AppStore|x86.Build.0 = Release|x86
		{ED544614-98B8-4B91-A33A-1D5685001599}.AppStore|x86.Deploy.0 = Release|x86
		{ED544614-98B8-4B91-A33A-1D5685001599}.Debug|Any CPU.ActiveCfg = Debug|x86
		{ED544614-98B8-4B91-A33A-1D5685001599}.Debug|ARM.ActiveCfg = Debug|ARM
		{ED544614-98B8-4B91-A33A-1D5685001599}.Debug|ARM.Build.0 = Debug|ARM
		{ED544614-98B8-4B91-A33A-1D5685001599}.Debug|ARM.Deploy.0 = Debug|ARM
		{ED544614-98B8-4B91-A33A-1D5685001599}.Debug|iPhone.ActiveCfg = Debug|x86
		{ED544614-98B8-4B91-A33A-1D5685001599}.Debug|iPhoneSimulator.ActiveCfg = Debug|x86
		{ED544614-98B8-4B91-A33A-1D5685001599}.Debug|x64.ActiveCfg = Debug|x64
		{ED544614-98B8-4B91-A33A-1D5685001599}.Debug|x64.Build.0 = Debug|x64
		{ED544614-98B8-4B91-A33A-1D5685001599}.Debug|x64.Deploy.0 = Debug|x64
		{ED544614-98B8-4B91-A33A-1D5685001599}.Debug|x86.ActiveCfg = Debug|x86
		{ED544614-98B8-4B91-A33A-1D5685001599}.Debug|x86.Build.0 = Debug|x86
		{ED544614-98B8-4B91-A33A-1D5685001599}.Debug|x86.Deploy.0 = Debug|x86
		{ED544614-98B8-4B91-A33A-1D5685001599}.Release|Any CPU.ActiveCfg = Release|x86
		{ED544614-98B8-4B91-A33A-1D5685001599}.Release|ARM.ActiveCfg = Release|ARM
		{ED544614-98B8-4B91-A33A-1D5685001599}.Release|ARM.Build.0 = Release|ARM
		{ED544614-98B8-4B91-A33A-1D5685001599}.Release|ARM.Deploy.0 = Release|ARM
		{ED544614-98B8-4B91-A33A-1D5685001599}.Release|iPhone.ActiveCfg = Release|x86
		{ED544614-98B8-4B91-A33A-1D5685001599}.Release|iPhoneSimulator.ActiveCfg = Release|x86
		{ED544614-98B8-4B91-A33A-1D5685001599}.Release|x64.ActiveCfg = Release|x64
		{ED544614-98B8-4B91-A33A-1D5685001599}.Release|x64.Build.0 = Release|x64
		{ED544614-98B8-4B91-A33A-1D5685001599}.Release|x64.Deploy.0 = Release|x64
		{ED544614-98B8-4B91-A33A-1D5685001599}.Release|x86.ActiveCfg = Release|x86
		{ED544614-98B8-4B91-A33A-1D5685001599}.Release|x86.Build.0 = Release|x86
		{ED544614-98B8-4B91-A33A-1D5685001599}.Release|x86.Deploy.0 = Release|x86
		{4B89A340-9AD3-4DE4-983A-36CBE5774BAB}.Ad-Hoc|Any CPU.ActiveCfg = Ad-Hoc|iPhoneSimulator
		{4B89A340-9AD3-4DE4-983A-36CBE5774BAB}.Ad-Hoc|ARM.ActiveCfg = Ad-Hoc|iPhoneSimulator
		{4B89A340-9AD3-4DE4-983A-36CBE5774BAB}.Ad-Hoc|iPhone.ActiveCfg = Ad-Hoc|iPhoneSimulator
		{4B89A340-9AD3-4DE4-983A-36CBE5774BAB}.Ad-Hoc|iPhone.Build.0 = Ad-Hoc|iPhoneSimulator
		{4B89A340-9AD3-4DE4-983A-36CBE5774BAB}.Ad-Hoc|iPhoneSimulator.ActiveCfg = Ad-Hoc|iPhoneSimulator
		{4B89A340-9AD3-4DE4-983A-36CBE5774BAB}.Ad-Hoc|iPhoneSimulator.Build.0 = Ad-Hoc|iPhoneSimulator
		{4B89A340-9AD3-4DE4-983A-36CBE5774BAB}.Ad-Hoc|x64.ActiveCfg = Ad-Hoc|iPhoneSimulator
		{4B89A340-9AD3-4DE4-983A-36CBE5774BAB}.Ad-Hoc|x86.ActiveCfg = Ad-Hoc|iPhoneSimulator
		{4B89A340-9AD3-4DE4-983A-36CBE5774BAB}.AppStore|Any CPU.ActiveCfg = AppStore|iPhoneSimulator
		{4B89A340-9AD3-4DE4-983A-36CBE5774BAB}.AppStore|ARM.ActiveCfg = AppStore|iPhoneSimulator
		{4B89A340-9AD3-4DE4-983A-36CBE5774BAB}.AppStore|iPhone.ActiveCfg = AppStore|iPhoneSimulator
		{4B89A340-9AD3-4DE4-983A-36CBE5774BAB}.AppStore|iPhone.Build.0 = AppStore|iPhoneSimulator
		{4B89A340-9AD3-4DE4-983A-36CBE5774BAB}.AppStore|iPhoneSimulator.ActiveCfg = AppStore|iPhoneSimulator
		{4B89A340-9AD3-4DE4-983A-36CBE5774BAB}.AppStore|iPhoneSimulator.Build.0 = AppStore|iPhoneSimulator
		{4B89A340-9AD3-4DE4-983A-36CBE5774BAB}.AppStore|x64.ActiveCfg = AppStore|iPhoneSimulator
		{4B89A340-9AD3-4DE4-983A-36CBE5774BAB}.AppStore|x86.ActiveCfg = AppStore|iPhoneSimulator
		{4B89A340-9AD3-4DE4-983A-36CBE5774BAB}.Debug|Any CPU.ActiveCfg = Debug|iPhoneSimulator
		{4B89A340-9AD3-4DE4-983A-36CBE5774BAB}.Debug|ARM.ActiveCfg = Debug|iPhoneSimulator
		{4B89A340-9AD3-4DE4-983A-36CBE5774BAB}.Debug|iPhone.ActiveCfg = Debug|iPhoneSimulator
		{4B89A340-9AD3-4DE4-983A-36CBE5774BAB}.Debug|iPhone.Build.0 = Debug|iPhoneSimulator
		{4B89A340-9AD3-4DE4-983A-36CBE5774BAB}.Debug|iPhoneSimulator.ActiveCfg = Debug|iPhoneSimulator
		{4B89A340-9AD3-4DE4-983A-36CBE5774BAB}.Debug|iPhoneSimulator.Build.0 = Debug|iPhoneSimulator
		{4B89A340-9AD3-4DE4-983A-36CBE5774BAB}.Debug|x64.ActiveCfg = Debug|iPhoneSimulator
		{4B89A340-9AD3-4DE4-983A-36CBE5774BAB}.Debug|x86.ActiveCfg = Debug|iPhoneSimulator
		{4B89A340-9AD3-4DE4-983A-36CBE5774BAB}.Release|Any CPU.ActiveCfg = Release|iPhoneSimulator
		{4B89A340-9AD3-4DE4-983A-36CBE5774BAB}.Release|ARM.ActiveCfg = Release|iPhoneSimulator
		{4B89A340-9AD3-4DE4-983A-36CBE5774BAB}.Release|iPhone.ActiveCfg = Release|iPhoneSimulator
		{4B89A340-9AD3-4DE4-983A-36CBE5774BAB}.Release|iPhone.Build.0 = Release|iPhoneSimulator
		{4B89A340-9AD3-4DE4-983A-36CBE5774BAB}.Release|iPhoneSimulator.ActiveCfg = Release|iPhoneSimulator
		{4B89A340-9AD3-4DE4-983A-36CBE5774BAB}.Release|iPhoneSimulator.Build.0 = Release|iPhoneSimulator
		{4B89A340-9AD3-4DE4-983A-36CBE5774BAB}.Release|x64.ActiveCfg = Release|iPhoneSimulator
		{4B89A340-9AD3-4DE4-983A-36CBE5774BAB}.Release|x86.ActiveCfg = Release|iPhoneSimulator
	EndGlobalSection
	GlobalSection(SolutionProperties) = preSolution
		HideSolutionNode = FALSE
	EndGlobalSection
	GlobalSection(ExtensibilityGlobals) = postSolution
		SolutionGuid = {083062A1-F428-408E-97EF-B277FD002E89}
	EndGlobalSection
EndGlobal
